
Microsoft Visual Studio Solution File, Format Version 12.00
# Visual Studio Version 17
VisualStudioVersion = 17.14.36301.6 d17.14
MinimumVisualStudioVersion = 10.0.40219.1
Project("{FAE04EC0-301F-11D3-BF4B-00C04F79EFBC}") = "StudentManagementApp", "StudentManagementApp.csproj", "{A7C57045-9A8D-4A26-BAE4-243D3A4A144D}"
EndProject
Global
	GlobalSection(SolutionConfigurationPlatforms) = preSolution
		Debug|Any CPU = Debug|Any CPU
		Release|Any CPU = Release|Any CPU
	EndGlobalSection
	GlobalSection(ProjectConfigurationPlatforms) = postSolution
		{A7C57045-9A8D-4A26-BAE4-243D3A4A144D}.Debug|Any CPU.ActiveCfg = Debug|Any CPU
		{A7C57045-9A8D-4A26-BAE4-243D3A4A144D}.Debug|Any CPU.Build.0 = Debug|Any CPU
		{A7C57045-9A8D-4A26-BAE4-243D3A4A144D}.Release|Any CPU.ActiveCfg = Release|Any CPU
		{A7C57045-9A8D-4A26-BAE4-243D3A4A144D}.Release|Any CPU.Build.0 = Release|Any CPU
	EndGlobalSection
	GlobalSection(SolutionProperties) = preSolution
		HideSolutionNode = FALSE
	EndGlobalSection
	GlobalSection(ExtensibilityGlobals) = postSolution
		SolutionGuid = {97FF55DA-AF53-4CED-9A35-77C9DC0621D0}
	EndGlobalSection
EndGlobal
